
Microsoft Visual Studio Solution File, Format Version 12.00
# Visual Studio Version 17
VisualStudioVersion = 17.3.32929.385
MinimumVisualStudioVersion = 10.0.40219.1
Project("{FAE04EC0-301F-11D3-BF4B-00C04F79EFBC}") = "LogPassTwo", "LogPassTwo\LogPassTwo.csproj", "{0B7FDE4A-7503-4A89-895E-F9C110490BCC}"
EndProject
Global
	GlobalSection(SolutionConfigurationPlatforms) = preSolution
		Debug|Any CPU = Debug|Any CPU
		Release|Any CPU = Release|Any CPU
	EndGlobalSection
	GlobalSection(ProjectConfigurationPlatforms) = postSolution
		{0B7FDE4A-7503-4A89-895E-F9C110490BCC}.Debug|Any CPU.ActiveCfg = Debug|Any CPU
		{0B7FDE4A-7503-4A89-895E-F9C110490BCC}.Debug|Any CPU.Build.0 = Debug|Any CPU
		{0B7FDE4A-7503-4A89-895E-F9C110490BCC}.Release|Any CPU.ActiveCfg = Release|Any CPU
		{0B7FDE4A-7503-4A89-895E-F9C110490BCC}.Release|Any CPU.Build.0 = Release|Any CPU
	EndGlobalSection
	GlobalSection(SolutionProperties) = preSolution
		HideSolutionNode = FALSE
	EndGlobalSection
	GlobalSection(ExtensibilityGlobals) = postSolution
		SolutionGuid = {D3A2EA5D-536D-4066-9EB2-897B35CBBBB9}
	EndGlobalSection
EndGlobal
